
Microsoft Visual Studio Solution File, Format Version 12.00
# Visual Studio Version 16
VisualStudioVersion = 16.0.29926.136
MinimumVisualStudioVersion = 10.0.40219.1
Project("{FAE04EC0-301F-11D3-BF4B-00C04F79EFBC}") = "Atividade 05", "Atividade 05.csproj", "{636AA813-7318-450E-A80D-3807C34291C9}"
EndProject
Global
	GlobalSection(SolutionConfigurationPlatforms) = preSolution
		Debug|Any CPU = Debug|Any CPU
		Release|Any CPU = Release|Any CPU
	EndGlobalSection
	GlobalSection(ProjectConfigurationPlatforms) = postSolution
		{636AA813-7318-450E-A80D-3807C34291C9}.Debug|Any CPU.ActiveCfg = Debug|Any CPU
		{636AA813-7318-450E-A80D-3807C34291C9}.Debug|Any CPU.Build.0 = Debug|Any CPU
		{636AA813-7318-450E-A80D-3807C34291C9}.Release|Any CPU.ActiveCfg = Release|Any CPU
		{636AA813-7318-450E-A80D-3807C34291C9}.Release|Any CPU.Build.0 = Release|Any CPU
	EndGlobalSection
	GlobalSection(SolutionProperties) = preSolution
		HideSolutionNode = FALSE
	EndGlobalSection
	GlobalSection(ExtensibilityGlobals) = postSolution
		SolutionGuid = {2DD524CF-3F03-4CF8-8F97-0A58F357FCF5}
	EndGlobalSection
EndGlobal
